
Microsoft Visual Studio Solution File, Format Version 12.00
Project("{FAE04EC0-301F-11D3-BF4B-00C04F79EFBC}") = "Demo.Server", "Demo.Server\Demo.Server.csproj", "{1158695D-C870-4631-A064-5409E76F9C9D}"
EndProject
Project("{FAE04EC0-301F-11D3-BF4B-00C04F79EFBC}") = "Demo.Client", "Demo.Client\Assembly-CSharp.csproj", "{32A1C631-30D4-42E4-A52C-FE07815A5BB8}"
	ProjectSection(ProjectDependencies) = postProject
		{1158695D-C870-4631-A064-5409E76F9C9D} = {1158695D-C870-4631-A064-5409E76F9C9D}
	EndProjectSection
EndProject
Global
	GlobalSection(SolutionConfigurationPlatforms) = preSolution
		Debug|Any CPU = Debug|Any CPU
		Release|Any CPU = Release|Any CPU
	EndGlobalSection
	GlobalSection(ProjectConfigurationPlatforms) = postSolution
		{1158695D-C870-4631-A064-5409E76F9C9D}.Debug|Any CPU.ActiveCfg = Debug|Any CPU
		{1158695D-C870-4631-A064-5409E76F9C9D}.Debug|Any CPU.Build.0 = Debug|Any CPU
		{1158695D-C870-4631-A064-5409E76F9C9D}.Release|Any CPU.ActiveCfg = Release|Any CPU
		{1158695D-C870-4631-A064-5409E76F9C9D}.Release|Any CPU.Build.0 = Release|Any CPU
		{32A1C631-30D4-42E4-A52C-FE07815A5BB8}.Debug|Any CPU.ActiveCfg = Debug|Any CPU
		{32A1C631-30D4-42E4-A52C-FE07815A5BB8}.Debug|Any CPU.Build.0 = Debug|Any CPU
		{32A1C631-30D4-42E4-A52C-FE07815A5BB8}.Release|Any CPU.ActiveCfg = Release|Any CPU
		{32A1C631-30D4-42E4-A52C-FE07815A5BB8}.Release|Any CPU.Build.0 = Release|Any CPU
	EndGlobalSection
EndGlobal
